
Microsoft Visual Studio Solution File, Format Version 12.00
# Visual Studio Version 17
VisualStudioVersion = 17.4.33110.190
MinimumVisualStudioVersion = 10.0.40219.1
Project("{FAE04EC0-301F-11D3-BF4B-00C04F79EFBC}") = "Eclub", "Eclub\Eclub.csproj", "{76645C0A-1798-4F20-AE87-40F43CF7701E}"
EndProject
Global
	GlobalSection(SolutionConfigurationPlatforms) = preSolution
		Debug|Any CPU = Debug|Any CPU
		Release|Any CPU = Release|Any CPU
	EndGlobalSection
	GlobalSection(ProjectConfigurationPlatforms) = postSolution
		{76645C0A-1798-4F20-AE87-40F43CF7701E}.Debug|Any CPU.ActiveCfg = Debug|Any CPU
		{76645C0A-1798-4F20-AE87-40F43CF7701E}.Debug|Any CPU.Build.0 = Debug|Any CPU
		{76645C0A-1798-4F20-AE87-40F43CF7701E}.Release|Any CPU.ActiveCfg = Release|Any CPU
		{76645C0A-1798-4F20-AE87-40F43CF7701E}.Release|Any CPU.Build.0 = Release|Any CPU
	EndGlobalSection
	GlobalSection(SolutionProperties) = preSolution
		HideSolutionNode = FALSE
	EndGlobalSection
	GlobalSection(ExtensibilityGlobals) = postSolution
		SolutionGuid = {E2043B20-8B96-451B-A5F3-5A4C49EFB358}
	EndGlobalSection
EndGlobal
